PODS:
  - Flutter (1.0.0)
  - flutter_verifyspeed_plugin (1.0.0):
    - Flutter
    - VerifySpeed_IOS_SDK (~> 1.0.12)
  - integration_test (0.0.1):
    - Flutter
  - VerifySpeed_IOS_SDK (1.0.12)

DEPENDENCIES:
  - Flutter (from `Flutter`)
  - flutter_verifyspeed_plugin (from `.symlinks/plugins/flutter_verifyspeed_plugin/ios`)
  - integration_test (from `.symlinks/plugins/integration_test/ios`)

SPEC REPOS:
  trunk:
    - VerifySpeed_IOS_SDK

EXTERNAL SOURCES:
  Flutter:
    :path: Flutter
  flutter_verifyspeed_plugin:
    :path: ".symlinks/plugins/flutter_verifyspeed_plugin/ios"
  integration_test:
    :path: ".symlinks/plugins/integration_test/ios"

SPEC CHECKSUMS:
  Flutter: e0871f40cf51350855a761d2e70bf5af5b9b5de7
  flutter_verifyspeed_plugin: 431b3fae1553a4825a52c73a209f49135b2cc0d7
  integration_test: 252f60fa39af5e17c3aa9899d35d908a0721b573
  VerifySpeed_IOS_SDK: 8adacfc7b9738a8717159c9e3a978e361d0de40a

PODFILE CHECKSUM: 7be2f5f74864d463a8ad433546ed1de7e0f29aef

COCOAPODS: 1.16.2
